
Microsoft Visual Studio Solution File, Format Version 12.00
# Visual Studio Version 17
VisualStudioVersion = 17.13.35825.156 d17.13
MinimumVisualStudioVersion = 10.0.40219.1
Project("{FAE04EC0-301F-11D3-BF4B-00C04F79EFBC}") = "ApiWithJwtRole", "ApiWithJwtRole\ApiWithJwtRole.csproj", "{99DFCD15-31EC-43B3-BD59-5479F57FEBCA}"
EndProject
Global
	GlobalSection(SolutionConfigurationPlatforms) = preSolution
		Debug|Any CPU = Debug|Any CPU
		Release|Any CPU = Release|Any CPU
	EndGlobalSection
	GlobalSection(ProjectConfigurationPlatforms) = postSolution
		{99DFCD15-31EC-43B3-BD59-5479F57FEBCA}.Debug|Any CPU.ActiveCfg = Debug|Any CPU
		{99DFCD15-31EC-43B3-BD59-5479F57FEBCA}.Debug|Any CPU.Build.0 = Debug|Any CPU
		{99DFCD15-31EC-43B3-BD59-5479F57FEBCA}.Release|Any CPU.ActiveCfg = Release|Any CPU
		{99DFCD15-31EC-43B3-BD59-5479F57FEBCA}.Release|Any CPU.Build.0 = Release|Any CPU
	EndGlobalSection
	GlobalSection(SolutionProperties) = preSolution
		HideSolutionNode = FALSE
	EndGlobalSection
	GlobalSection(ExtensibilityGlobals) = postSolution
		SolutionGuid = {B0984FE1-8EBC-40AE-A630-7F0F3CBDF8E3}
	EndGlobalSection
EndGlobal
